// !$*UTF8*$!
{
	archiveVersion = 1;
	classes = {
	};
	objectVersion = 51;
	objects = {

/* Begin PBXBuildFile section */
		931BD68724E9982200679ACA /* InfoPlist.strings in Resources */ = {isa = PBXBuildFile; fileRef = 931BD68924E9982200679ACA /* InfoPlist.strings */; };
		932136B024DA0E1B004384F3 /* AppDelegate.swift in Sources */ = {isa = PBXBuildFile; fileRef = 932136AF24DA0E1B004384F3 /* AppDelegate.swift */; };
		932136B724DA0E1E004384F3 /* Assets.xcassets in Resources */ = {isa = PBXBuildFile; fileRef = 932136B624DA0E1E004384F3 /* Assets.xcassets */; };
		932136BA24DA0E1E004384F3 /* LaunchScreen.storyboard in Resources */ = {isa = PBXBuildFile; fileRef = 932136B824DA0E1E004384F3 /* LaunchScreen.storyboard */; };
		932136C524DA0E1E004384F3 /* SafeMappTests.swift in Sources */ = {isa = PBXBuildFile; fileRef = 932136C424DA0E1E004384F3 /* SafeMappTests.swift */; };
		932136D024DA0E1E004384F3 /* SafeMappUITests.swift in Sources */ = {isa = PBXBuildFile; fileRef = 932136CF24DA0E1E004384F3 /* SafeMappUITests.swift */; };
		932136E024DA1295004384F3 /* LoginVC.swift in Sources */ = {isa = PBXBuildFile; fileRef = 932136DF24DA1295004384F3 /* LoginVC.swift */; };
		9323731D24F28BE700304374 /* MapVC.swift in Sources */ = {isa = PBXBuildFile; fileRef = 9323731C24F28BE700304374 /* MapVC.swift */; };
		9323732224F28E0C00304374 /* User.swift in Sources */ = {isa = PBXBuildFile; fileRef = 9323732124F28E0C00304374 /* User.swift */; };
		9341F9B124DC8FB000671870 /* ForgotPasswordVC.swift in Sources */ = {isa = PBXBuildFile; fileRef = 9341F9B024DC8FB000671870 /* ForgotPasswordVC.swift */; };
		9341F9B324DC934D00671870 /* AppColors.swift in Sources */ = {isa = PBXBuildFile; fileRef = 9341F9B224DC934D00671870 /* AppColors.swift */; };
		9341F9B524DC9A4E00671870 /* RegisterVC.swift in Sources */ = {isa = PBXBuildFile; fileRef = 9341F9B424DC9A4E00671870 /* RegisterVC.swift */; };
		9356466424E4815000B9B210 /* Notifications.swift in Sources */ = {isa = PBXBuildFile; fileRef = 9356466324E4815000B9B210 /* Notifications.swift */; };
		9361213624EC4E0E00DACCF9 /* CustomPin.swift in Sources */ = {isa = PBXBuildFile; fileRef = 9361213524EC4E0E00DACCF9 /* CustomPin.swift */; };
		93676E7724E83FCF0088032A /* ProfileVC.swift in Sources */ = {isa = PBXBuildFile; fileRef = 93676E7624E83FCF0088032A /* ProfileVC.swift */; };
		937E408124DB315000AE1541 /* Localizable.strings in Resources */ = {isa = PBXBuildFile; fileRef = 937E408324DB315000AE1541 /* Localizable.strings */; };
		937E408624DB354A00AE1541 /* Extensions.swift in Sources */ = {isa = PBXBuildFile; fileRef = 937E408524DB354A00AE1541 /* Extensions.swift */; };
		93836BA524F163C800B1E205 /* MainVM.swift in Sources */ = {isa = PBXBuildFile; fileRef = 93836BA424F163C800B1E205 /* MainVM.swift */; };
		93836BA724F1662500B1E205 /* Request.swift in Sources */ = {isa = PBXBuildFile; fileRef = 93836BA624F1662500B1E205 /* Request.swift */; };
		93B2BE3124E33EBA00A9AD9F /* FirebaseManager.swift in Sources */ = {isa = PBXBuildFile; fileRef = 93B2BE3024E33EBA00A9AD9F /* FirebaseManager.swift */; };
		93E2170C24EB493B00B38997 /* Intents.framework in Frameworks */ = {isa = PBXBuildFile; fileRef = 93E2170B24EB493B00B38997 /* Intents.framework */; };
		93F0FEE024DCADC0003CF409 /* GoogleService-Info.plist in Resources */ = {isa = PBXBuildFile; fileRef = 93F0FEDF24DCADC0003CF409 /* GoogleService-Info.plist */; };
		93F0FEE224DCB745003CF409 /* ToastNotification.swift in Sources */ = {isa = PBXBuildFile; fileRef = 93F0FEE124DCB745003CF409 /* ToastNotification.swift */; };
		93FBFFC324E5CBA500B0739A /* MainVC.swift in Sources */ = {isa = PBXBuildFile; fileRef = 93FBFFC224E5CBA500B0739A /* MainVC.swift */; };
		93FBFFC724E5CD5B00B0739A /* RequestsVC.swift in Sources */ = {isa = PBXBuildFile; fileRef = 93FBFFC624E5CD5B00B0739A /* RequestsVC.swift */; };
		F329B99354C16A5E887B0C82 /* Pods_SafeMapp.framework in Frameworks */ = {isa = PBXBuildFile; fileRef = 730B9FBFBBF6190CE013DEC6 /* Pods_SafeMapp.framework */; };
/* End PBXBuildFile section */

/* Begin PBXContainerItemProxy section */
		932136C124DA0E1E004384F3 /* PBXContainerItemProxy */ = {
			isa = PBXContainerItemProxy;
			containerPortal = 932136A424DA0E1B004384F3 /* Project object */;
			proxyType = 1;
			remoteGlobalIDString = 932136AB24DA0E1B004384F3;
			remoteInfo = SafeMapp;
		};
		932136CC24DA0E1E004384F3 /* PBXContainerItemProxy */ = {
			isa = PBXContainerItemProxy;
			containerPortal = 932136A424DA0E1B004384F3 /* Project object */;
			proxyType = 1;
			remoteGlobalIDString = 932136AB24DA0E1B004384F3;
			remoteInfo = SafeMapp;
		};
/* End PBXContainerItemProxy section */

/* Begin PBXFileReference section */
		730B9FBFBBF6190CE013DEC6 /* Pods_SafeMapp.framework */ = {isa = PBXFileReference; explicitFileType = wrapper.framework; includeInIndex = 0; path = Pods_SafeMapp.framework; sourceTree = BUILT_PRODUCTS_DIR; };
		931BD67824E98E6C00679ACA /* Base */ = {isa = PBXFileReference; lastKnownFileType = text.plist.xml; name = Base; path = Info.plist; sourceTree = "<group>"; };
		931BD67D24E9926F00679ACA /* es-ES */ = {isa = PBXFileReference; lastKnownFileType = text.plist.strings; name = "es-ES"; path = "es-ES.lproj/Localizable.strings"; sourceTree = "<group>"; };
		931BD68124E9967700679ACA /* Base */ = {isa = PBXFileReference; lastKnownFileType = file.storyboard; name = Base; path = Base.lproj/LaunchScreen.storyboard; sourceTree = "<group>"; };
		931BD68824E9982200679ACA /* en */ = {isa = PBXFileReference; lastKnownFileType = text.plist.strings; name = en; path = en.lproj/InfoPlist.strings; sourceTree = "<group>"; };
		931BD68B24E9987E00679ACA /* es-ES */ = {isa = PBXFileReference; lastKnownFileType = text.plist.strings; name = "es-ES"; path = "es-ES.lproj/InfoPlist.strings"; sourceTree = "<group>"; };
		932136AC24DA0E1B004384F3 /* SafeMapp.app */ = {isa = PBXFileReference; explicitFileType = wrapper.application; includeInIndex = 0; path = SafeMapp.app; sourceTree = BUILT_PRODUCTS_DIR; };
		932136AF24DA0E1B004384F3 /* AppDelegate.swift */ = {isa = PBXFileReference; lastKnownFileType = sourcecode.swift; path = AppDelegate.swift; sourceTree = "<group>"; };
		932136B624DA0E1E004384F3 /* Assets.xcassets */ = {isa = PBXFileReference; lastKnownFileType = folder.assetcatalog; path = Assets.xcassets; sourceTree = "<group>"; };
		932136C024DA0E1E004384F3 /* SafeMappTests.xctest */ = {isa = PBXFileReference; explicitFileType = wrapper.cfbundle; includeInIndex = 0; path = SafeMappTests.xctest; sourceTree = BUILT_PRODUCTS_DIR; };
		932136C424DA0E1E004384F3 /* SafeMappTests.swift */ = {isa = PBXFileReference; lastKnownFileType = sourcecode.swift; path = SafeMappTests.swift; sourceTree = "<group>"; };
		932136C624DA0E1E004384F3 /* Info.plist */ = {isa = PBXFileReference; lastKnownFileType = text.plist.xml; path = Info.plist; sourceTree = "<group>"; };
		932136CB24DA0E1E004384F3 /* SafeMappUITests.xctest */ = {isa = PBXFileReference; explicitFileType = wrapper.cfbundle; includeInIndex = 0; path = SafeMappUITests.xctest; sourceTree = BUILT_PRODUCTS_DIR; };
		932136CF24DA0E1E004384F3 /* SafeMappUITests.swift */ = {isa = PBXFileReference; lastKnownFileType = sourcecode.swift; path = SafeMappUITests.swift; sourceTree = "<group>"; };
		932136D124DA0E1E004384F3 /* Info.plist */ = {isa = PBXFileReference; lastKnownFileType = text.plist.xml; path = Info.plist; sourceTree = "<group>"; };
		932136DF24DA1295004384F3 /* LoginVC.swift */ = {isa = PBXFileReference; lastKnownFileType = sourcecode.swift; path = LoginVC.swift; sourceTree = "<group>"; };
		9323731C24F28BE700304374 /* MapVC.swift */ = {isa = PBXFileReference; lastKnownFileType = sourcecode.swift; path = MapVC.swift; sourceTree = "<group>"; };
		9323732124F28E0C00304374 /* User.swift */ = {isa = PBXFileReference; lastKnownFileType = sourcecode.swift; path = User.swift; sourceTree = "<group>"; };
		9341F9B024DC8FB000671870 /* ForgotPasswordVC.swift */ = {isa = PBXFileReference; lastKnownFileType = sourcecode.swift; path = ForgotPasswordVC.swift; sourceTree = "<group>"; };
		9341F9B224DC934D00671870 /* AppColors.swift */ = {isa = PBXFileReference; lastKnownFileType = sourcecode.swift; path = AppColors.swift; sourceTree = "<group>"; };
		9341F9B424DC9A4E00671870 /* RegisterVC.swift */ = {isa = PBXFileReference; lastKnownFileType = sourcecode.swift; path = RegisterVC.swift; sourceTree = "<group>"; };
		9356466324E4815000B9B210 /* Notifications.swift */ = {isa = PBXFileReference; lastKnownFileType = sourcecode.swift; path = Notifications.swift; sourceTree = "<group>"; };
		9361213524EC4E0E00DACCF9 /* CustomPin.swift */ = {isa = PBXFileReference; lastKnownFileType = sourcecode.swift; path = CustomPin.swift; sourceTree = "<group>"; };
		93676E7624E83FCF0088032A /* ProfileVC.swift */ = {isa = PBXFileReference; lastKnownFileType = sourcecode.swift; path = ProfileVC.swift; sourceTree = "<group>"; };
		937E408424DB315700AE1541 /* en */ = {isa = PBXFileReference; lastKnownFileType = text.plist.strings; name = en; path = en.lproj/Localizable.strings; sourceTree = "<group>"; };
		937E408524DB354A00AE1541 /* Extensions.swift */ = {isa = PBXFileReference; lastKnownFileType = sourcecode.swift; path = Extensions.swift; sourceTree = "<group>"; };
		93836BA424F163C800B1E205 /* MainVM.swift */ = {isa = PBXFileReference; lastKnownFileType = sourcecode.swift; path = MainVM.swift; sourceTree = "<group>"; };
		93836BA624F1662500B1E205 /* Request.swift */ = {isa = PBXFileReference; lastKnownFileType = sourcecode.swift; path = Request.swift; sourceTree = "<group>"; };
		93B2BE3024E33EBA00A9AD9F /* FirebaseManager.swift */ = {isa = PBXFileReference; lastKnownFileType = sourcecode.swift; path = FirebaseManager.swift; sourceTree = "<group>"; };
		93E2170A24EB48DC00B38997 /* SafeMapp.entitlements */ = {isa = PBXFileReference; lastKnownFileType = text.plist.entitlements; path = SafeMapp.entitlements; sourceTree = "<group>"; };
		93E2170B24EB493B00B38997 /* Intents.framework */ = {isa = PBXFileReference; lastKnownFileType = wrapper.framework; name = Intents.framework; path = System/Library/Frameworks/Intents.framework; sourceTree = SDKROOT; };
		93F0FEDF24DCADC0003CF409 /* GoogleService-Info.plist */ = {isa = PBXFileReference; fileEncoding = 4; lastKnownFileType = text.plist.xml; path = "GoogleService-Info.plist"; sourceTree = "<group>"; };
		93F0FEE124DCB745003CF409 /* ToastNotification.swift */ = {isa = PBXFileReference; lastKnownFileType = sourcecode.swift; path = ToastNotification.swift; sourceTree = "<group>"; };
		93FBFFC224E5CBA500B0739A /* MainVC.swift */ = {isa = PBXFileReference; lastKnownFileType = sourcecode.swift; path = MainVC.swift; sourceTree = "<group>"; };
		93FBFFC624E5CD5B00B0739A /* RequestsVC.swift */ = {isa = PBXFileReference; lastKnownFileType = sourcecode.swift; path = RequestsVC.swift; sourceTree = "<group>"; };
		B80EEA31DA67E984CF95CEB2 /* Pods-SafeMapp.release.xcconfig */ = {isa = PBXFileReference; includeInIndex = 1; lastKnownFileType = text.xcconfig; name = "Pods-SafeMapp.release.xcconfig"; path = "Target Support Files/Pods-SafeMapp/Pods-SafeMapp.release.xcconfig"; sourceTree = "<group>"; };
		F7B9CE5FB66951BE946EEBC1 /* Pods-SafeMapp.debug.xcconfig */ = {isa = PBXFileReference; includeInIndex = 1; lastKnownFileType = text.xcconfig; name = "Pods-SafeMapp.debug.xcconfig"; path = "Target Support Files/Pods-SafeMapp/Pods-SafeMapp.debug.xcconfig"; sourceTree = "<group>"; };
/* End PBXFileReference section */

/* Begin PBXFrameworksBuildPhase section */
		932136A924DA0E1B004384F3 /* Frameworks */ = {
			isa = PBXFrameworksBuildPhase;
			buildActionMask = 2147483647;
			files = (
				93E2170C24EB493B00B38997 /* Intents.framework in Frameworks */,
				F329B99354C16A5E887B0C82 /* Pods_SafeMapp.framework in Frameworks */,
			);
			runOnlyForDeploymentPostprocessing = 0;
		};
		932136BD24DA0E1E004384F3 /* Frameworks */ = {
			isa = PBXFrameworksBuildPhase;
			buildActionMask = 2147483647;
			files = (
			);
			runOnlyForDeploymentPostprocessing = 0;
		};
		932136C824DA0E1E004384F3 /* Frameworks */ = {
			isa = PBXFrameworksBuildPhase;
			buildActionMask = 2147483647;
			files = (
			);
			runOnlyForDeploymentPostprocessing = 0;
		};
/* End PBXFrameworksBuildPhase section */

/* Begin PBXGroup section */
		755D98843B8C2DEFD327FBAD /* Pods */ = {
			isa = PBXGroup;
			children = (
				F7B9CE5FB66951BE946EEBC1 /* Pods-SafeMapp.debug.xcconfig */,
				B80EEA31DA67E984CF95CEB2 /* Pods-SafeMapp.release.xcconfig */,
			);
			path = Pods;
			sourceTree = "<group>";
		};
		932136A324DA0E1B004384F3 = {
			isa = PBXGroup;
			children = (
				932136AE24DA0E1B004384F3 /* SafeMapp */,
				932136C324DA0E1E004384F3 /* SafeMappTests */,
				932136CE24DA0E1E004384F3 /* SafeMappUITests */,
				932136AD24DA0E1B004384F3 /* Products */,
				755D98843B8C2DEFD327FBAD /* Pods */,
				B016E7143F702016BCAC1A72 /* Frameworks */,
			);
			sourceTree = "<group>";
		};
		932136AD24DA0E1B004384F3 /* Products */ = {
			isa = PBXGroup;
			children = (
				932136AC24DA0E1B004384F3 /* SafeMapp.app */,
				932136C024DA0E1E004384F3 /* SafeMappTests.xctest */,
				932136CB24DA0E1E004384F3 /* SafeMappUITests.xctest */,
			);
			name = Products;
			sourceTree = "<group>";
		};
		932136AE24DA0E1B004384F3 /* SafeMapp */ = {
			isa = PBXGroup;
			children = (
				9323732024F28D8C00304374 /* App */,
				932136DD24DA1266004384F3 /* Login */,
				9323731E24F28C0700304374 /* Map */,
				932136DE24DA1276004384F3 /* MainScreen */,
				93676E7524E83F630088032A /* Profile */,
				9323731F24F28C3800304374 /* Requests */,
				937E407824DB307500AE1541 /* Utils */,
			);
			path = SafeMapp;
			sourceTree = "<group>";
		};
		932136C324DA0E1E004384F3 /* SafeMappTests */ = {
			isa = PBXGroup;
			children = (
				932136C424DA0E1E004384F3 /* SafeMappTests.swift */,
				932136C624DA0E1E004384F3 /* Info.plist */,
			);
			path = SafeMappTests;
			sourceTree = "<group>";
		};
		932136CE24DA0E1E004384F3 /* SafeMappUITests */ = {
			isa = PBXGroup;
			children = (
				932136CF24DA0E1E004384F3 /* SafeMappUITests.swift */,
				932136D124DA0E1E004384F3 /* Info.plist */,
			);
			path = SafeMappUITests;
			sourceTree = "<group>";
		};
		932136DD24DA1266004384F3 /* Login */ = {
			isa = PBXGroup;
			children = (
				9341F9B024DC8FB000671870 /* ForgotPasswordVC.swift */,
				932136DF24DA1295004384F3 /* LoginVC.swift */,
				9341F9B424DC9A4E00671870 /* RegisterVC.swift */,
			);
			path = Login;
			sourceTree = "<group>";
		};
		932136DE24DA1276004384F3 /* MainScreen */ = {
			isa = PBXGroup;
			children = (
				93FBFFC224E5CBA500B0739A /* MainVC.swift */,
				93836BA424F163C800B1E205 /* MainVM.swift */,
			);
			path = MainScreen;
			sourceTree = "<group>";
		};
		9323731E24F28C0700304374 /* Map */ = {
			isa = PBXGroup;
			children = (
				9361213524EC4E0E00DACCF9 /* CustomPin.swift */,
				9323731C24F28BE700304374 /* MapVC.swift */,
				9323732124F28E0C00304374 /* User.swift */,
			);
			path = Map;
			sourceTree = "<group>";
		};
		9323731F24F28C3800304374 /* Requests */ = {
			isa = PBXGroup;
			children = (
				93836BA624F1662500B1E205 /* Request.swift */,
				93FBFFC624E5CD5B00B0739A /* RequestsVC.swift */,
			);
			path = Requests;
			sourceTree = "<group>";
		};
		9323732024F28D8C00304374 /* App */ = {
			isa = PBXGroup;
			children = (
				932136AF24DA0E1B004384F3 /* AppDelegate.swift */,
				932136B624DA0E1E004384F3 /* Assets.xcassets */,
				93F0FEDF24DCADC0003CF409 /* GoogleService-Info.plist */,
				93FBFFC924E5FD2A00B0739A /* Info.plist */,
				931BD68924E9982200679ACA /* InfoPlist.strings */,
				932136B824DA0E1E004384F3 /* LaunchScreen.storyboard */,
				937E408324DB315000AE1541 /* Localizable.strings */,
				93E2170A24EB48DC00B38997 /* SafeMapp.entitlements */,
			);
			path = App;
			sourceTree = "<group>";
		};
		93676E7524E83F630088032A /* Profile */ = {
			isa = PBXGroup;
			children = (
				93676E7624E83FCF0088032A /* ProfileVC.swift */,
			);
			path = Profile;
			sourceTree = "<group>";
		};
		937E407824DB307500AE1541 /* Utils */ = {
			isa = PBXGroup;
			children = (
				9341F9B224DC934D00671870 /* AppColors.swift */,
				937E408524DB354A00AE1541 /* Extensions.swift */,
				93B2BE3024E33EBA00A9AD9F /* FirebaseManager.swift */,
				9356466324E4815000B9B210 /* Notifications.swift */,
				93F0FEE124DCB745003CF409 /* ToastNotification.swift */,
			);
			path = Utils;
			sourceTree = "<group>";
		};
		B016E7143F702016BCAC1A72 /* Frameworks */ = {
			isa = PBXGroup;
			children = (
				93E2170B24EB493B00B38997 /* Intents.framework */,
				730B9FBFBBF6190CE013DEC6 /* Pods_SafeMapp.framework */,
			);
			name = Frameworks;
			sourceTree = "<group>";
		};
/* End PBXGroup section */

/* Begin PBXNativeTarget section */
		932136AB24DA0E1B004384F3 /* SafeMapp */ = {
			isa = PBXNativeTarget;
			buildConfigurationList = 932136D424DA0E1E004384F3 /* Build configuration list for PBXNativeTarget "SafeMapp" */;
			buildPhases = (
				95F733C55E0051DAB4B4DF46 /* [CP] Check Pods Manifest.lock */,
				932136A824DA0E1B004384F3 /* Sources */,
				932136A924DA0E1B004384F3 /* Frameworks */,
				932136AA24DA0E1B004384F3 /* Resources */,
				69314E4DE754F7FD03514103 /* [CP] Embed Pods Frameworks */,
			);
			buildRules = (
			);
			dependencies = (
			);
			name = SafeMapp;
			productName = SafeMapp;
			productReference = 932136AC24DA0E1B004384F3 /* SafeMapp.app */;
			productType = "com.apple.product-type.application";
		};
		932136BF24DA0E1E004384F3 /* SafeMappTests */ = {
			isa = PBXNativeTarget;
			buildConfigurationList = 932136D724DA0E1E004384F3 /* Build configuration list for PBXNativeTarget "SafeMappTests" */;
			buildPhases = (
				932136BC24DA0E1E004384F3 /* Sources */,
				932136BD24DA0E1E004384F3 /* Frameworks */,
				932136BE24DA0E1E004384F3 /* Resources */,
			);
			buildRules = (
			);
			dependencies = (
				932136C224DA0E1E004384F3 /* PBXTargetDependency */,
			);
			name = SafeMappTests;
			productName = SafeMappTests;
			productReference = 932136C024DA0E1E004384F3 /* SafeMappTests.xctest */;
			productType = "com.apple.product-type.bundle.unit-test";
		};
		932136CA24DA0E1E004384F3 /* SafeMappUITests */ = {
			isa = PBXNativeTarget;
			buildConfigurationList = 932136DA24DA0E1E004384F3 /* Build configuration list for PBXNativeTarget "SafeMappUITests" */;
			buildPhases = (
				932136C724DA0E1E004384F3 /* Sources */,
				932136C824DA0E1E004384F3 /* Frameworks */,
				932136C924DA0E1E004384F3 /* Resources */,
			);
			buildRules = (
			);
			dependencies = (
				932136CD24DA0E1E004384F3 /* PBXTargetDependency */,
			);
			name = SafeMappUITests;
			productName = SafeMappUITests;
			productReference = 932136CB24DA0E1E004384F3 /* SafeMappUITests.xctest */;
			productType = "com.apple.product-type.bundle.ui-testing";
		};
/* End PBXNativeTarget section */

/* Begin PBXProject section */
		932136A424DA0E1B004384F3 /* Project object */ = {
			isa = PBXProject;
			attributes = {
				LastSwiftUpdateCheck = 1010;
				LastUpgradeCheck = 1010;
				ORGANIZATIONNAME = "Aarón";
				TargetAttributes = {
					932136AB24DA0E1B004384F3 = {
						CreatedOnToolsVersion = 10.1;
						SystemCapabilities = {
							com.apple.Siri = {
								enabled = 1;
							};
						};
					};
					932136BF24DA0E1E004384F3 = {
						CreatedOnToolsVersion = 10.1;
						TestTargetID = 932136AB24DA0E1B004384F3;
					};
					932136CA24DA0E1E004384F3 = {
						CreatedOnToolsVersion = 10.1;
						TestTargetID = 932136AB24DA0E1B004384F3;
					};
				};
			};
			buildConfigurationList = 932136A724DA0E1B004384F3 /* Build configuration list for PBXProject "SafeMapp" */;
			compatibilityVersion = "Xcode 9.3";
			developmentRegion = en;
			hasScannedForEncodings = 0;
			knownRegions = (
				en,
				"es-ES",
				Base,
			);
			mainGroup = 932136A324DA0E1B004384F3;
			productRefGroup = 932136AD24DA0E1B004384F3 /* Products */;
			projectDirPath = "";
			projectRoot = "";
			targets = (
				932136AB24DA0E1B004384F3 /* SafeMapp */,
				932136BF24DA0E1E004384F3 /* SafeMappTests */,
				932136CA24DA0E1E004384F3 /* SafeMappUITests */,
			);
		};
/* End PBXProject section */

/* Begin PBXResourcesBuildPhase section */
		932136AA24DA0E1B004384F3 /* Resources */ = {
			isa = PBXResourcesBuildPhase;
			buildActionMask = 2147483647;
			files = (
				932136BA24DA0E1E004384F3 /* LaunchScreen.storyboard in Resources */,
				93F0FEE024DCADC0003CF409 /* GoogleService-Info.plist in Resources */,
				937E408124DB315000AE1541 /* Localizable.strings in Resources */,
				932136B724DA0E1E004384F3 /* Assets.xcassets in Resources */,
				931BD68724E9982200679ACA /* InfoPlist.strings in Resources */,
			);
			runOnlyForDeploymentPostprocessing = 0;
		};
		932136BE24DA0E1E004384F3 /* Resources */ = {
			isa = PBXResourcesBuildPhase;
			buildActionMask = 2147483647;
			files = (
			);
			runOnlyForDeploymentPostprocessing = 0;
		};
		932136C924DA0E1E004384F3 /* Resources */ = {
			isa = PBXResourcesBuildPhase;
			buildActionMask = 2147483647;
			files = (
			);
			runOnlyForDeploymentPostprocessing = 0;
		};
/* End PBXResourcesBuildPhase section */

/* Begin PBXShellScriptBuildPhase section */
		69314E4DE754F7FD03514103 /* [CP] Embed Pods Frameworks */ = {
			isa = PBXShellScriptBuildPhase;
			buildActionMask = 2147483647;
			files = (
			);
			inputFileListPaths = (
				"${PODS_ROOT}/Target Support Files/Pods-SafeMapp/Pods-SafeMapp-frameworks-${CONFIGURATION}-input-files.xcfilelist",
			);
			name = "[CP] Embed Pods Frameworks";
			outputFileListPaths = (
				"${PODS_ROOT}/Target Support Files/Pods-SafeMapp/Pods-SafeMapp-frameworks-${CONFIGURATION}-output-files.xcfilelist",
			);
			runOnlyForDeploymentPostprocessing = 0;
			shellPath = /bin/sh;
			shellScript = "\"${PODS_ROOT}/Target Support Files/Pods-SafeMapp/Pods-SafeMapp-frameworks.sh\"\n";
			showEnvVarsInLog = 0;
		};
		95F733C55E0051DAB4B4DF46 /* [CP] Check Pods Manifest.lock */ = {
			isa = PBXShellScriptBuildPhase;
			buildActionMask = 2147483647;
			files = (
			);
			inputFileListPaths = (
			);
			inputPaths = (
				"${PODS_PODFILE_DIR_PATH}/Podfile.lock",
				"${PODS_ROOT}/Manifest.lock",
			);
			name = "[CP] Check Pods Manifest.lock";
			outputFileListPaths = (
			);
			outputPaths = (
				"$(DERIVED_FILE_DIR)/Pods-SafeMapp-checkManifestLockResult.txt",
			);
			runOnlyForDeploymentPostprocessing = 0;
			shellPath = /bin/sh;
			shellScript = "diff \"${PODS_PODFILE_DIR_PATH}/Podfile.lock\" \"${PODS_ROOT}/Manifest.lock\" > /dev/null\nif [ $? != 0 ] ; then\n    # print error to STDERR\n    echo \"error: The sandbox is not in sync with the Podfile.lock. Run 'pod install' or update your CocoaPods installation.\" >&2\n    exit 1\nfi\n# This output is used by Xcode 'outputs' to avoid re-running this script phase.\necho \"SUCCESS\" > \"${SCRIPT_OUTPUT_FILE_0}\"\n";
			showEnvVarsInLog = 0;
		};
/* End PBXShellScriptBuildPhase section */

/* Begin PBXSourcesBuildPhase section */
		932136A824DA0E1B004384F3 /* Sources */ = {
			isa = PBXSourcesBuildPhase;
			buildActionMask = 2147483647;
			files = (
				9356466424E4815000B9B210 /* Notifications.swift in Sources */,
				93836BA724F1662500B1E205 /* Request.swift in Sources */,
				932136B024DA0E1B004384F3 /* AppDelegate.swift in Sources */,
				932136E024DA1295004384F3 /* LoginVC.swift in Sources */,
				93836BA524F163C800B1E205 /* MainVM.swift in Sources */,
				93FBFFC324E5CBA500B0739A /* MainVC.swift in Sources */,
				93B2BE3124E33EBA00A9AD9F /* FirebaseManager.swift in Sources */,
				9323732224F28E0C00304374 /* User.swift in Sources */,
				9341F9B324DC934D00671870 /* AppColors.swift in Sources */,
				93F0FEE224DCB745003CF409 /* ToastNotification.swift in Sources */,
				9361213624EC4E0E00DACCF9 /* CustomPin.swift in Sources */,
				93676E7724E83FCF0088032A /* ProfileVC.swift in Sources */,
				9341F9B524DC9A4E00671870 /* RegisterVC.swift in Sources */,
				93FBFFC724E5CD5B00B0739A /* RequestsVC.swift in Sources */,
				9323731D24F28BE700304374 /* MapVC.swift in Sources */,
				937E408624DB354A00AE1541 /* Extensions.swift in Sources */,
				9341F9B124DC8FB000671870 /* ForgotPasswordVC.swift in Sources */,
			);
			runOnlyForDeploymentPostprocessing = 0;
		};
		932136BC24DA0E1E004384F3 /* Sources */ = {
			isa = PBXSourcesBuildPhase;
			buildActionMask = 2147483647;
			files = (
				932136C524DA0E1E004384F3 /* SafeMappTests.swift in Sources */,
			);
			runOnlyForDeploymentPostprocessing = 0;
		};
		932136C724DA0E1E004384F3 /* Sources */ = {
			isa = PBXSourcesBuildPhase;
			buildActionMask = 2147483647;
			files = (
				932136D024DA0E1E004384F3 /* SafeMappUITests.swift in Sources */,
			);
			runOnlyForDeploymentPostprocessing = 0;
		};
/* End PBXSourcesBuildPhase section */

/* Begin PBXTargetDependency section */
		932136C224DA0E1E004384F3 /* PBXTargetDependency */ = {
			isa = PBXTargetDependency;
			target = 932136AB24DA0E1B004384F3 /* SafeMapp */;
			targetProxy = 932136C124DA0E1E004384F3 /* PBXContainerItemProxy */;
		};
		932136CD24DA0E1E004384F3 /* PBXTargetDependency */ = {
			isa = PBXTargetDependency;
			target = 932136AB24DA0E1B004384F3 /* SafeMapp */;
			targetProxy = 932136CC24DA0E1E004384F3 /* PBXContainerItemProxy */;
		};
/* End PBXTargetDependency section */

/* Begin PBXVariantGroup section */
		931BD68924E9982200679ACA /* InfoPlist.strings */ = {
			isa = PBXVariantGroup;
			children = (
				931BD68824E9982200679ACA /* en */,
				931BD68B24E9987E00679ACA /* es-ES */,
			);
			name = InfoPlist.strings;
			sourceTree = "<group>";
		};
		932136B824DA0E1E004384F3 /* LaunchScreen.storyboard */ = {
			isa = PBXVariantGroup;
			children = (
				931BD68124E9967700679ACA /* Base */,
			);
			name = LaunchScreen.storyboard;
			sourceTree = "<group>";
		};
		937E408324DB315000AE1541 /* Localizable.strings */ = {
			isa = PBXVariantGroup;
			children = (
				937E408424DB315700AE1541 /* en */,
				931BD67D24E9926F00679ACA /* es-ES */,
			);
			name = Localizable.strings;
			sourceTree = "<group>";
		};
		93FBFFC924E5FD2A00B0739A /* Info.plist */ = {
			isa = PBXVariantGroup;
			children = (
				931BD67824E98E6C00679ACA /* Base */,
			);
			name = Info.plist;
			sourceTree = "<group>";
		};
/* End PBXVariantGroup section */

/* Begin XCBuildConfiguration section */
		932136D224DA0E1E004384F3 /* Debug */ = {
			isa = XCBuildConfiguration;
			buildSettings = {
				ALWAYS_SEARCH_USER_PATHS = NO;
				CLANG_ANALYZER_LOCALIZABILITY_NONLOCALIZED = YES;
				CLANG_ANALYZER_NONNULL = YES;
				CLANG_ANALYZER_NUMBER_OBJECT_CONVERSION = YES_AGGRESSIVE;
				CLANG_CXX_LANGUAGE_STANDARD = "gnu++14";
				CLANG_CXX_LIBRARY = "libc++";
				CLANG_ENABLE_MODULES = YES;
				CLANG_ENABLE_OBJC_ARC = YES;
				CLANG_ENABLE_OBJC_WEAK = YES;
				CLANG_WARN_BLOCK_CAPTURE_AUTORELEASING = YES;
				CLANG_WARN_BOOL_CONVERSION = YES;
				CLANG_WARN_COMMA = YES;
				CLANG_WARN_CONSTANT_CONVERSION = YES;
				CLANG_WARN_DEPRECATED_OBJC_IMPLEMENTATIONS = YES;
				CLANG_WARN_DIRECT_OBJC_ISA_USAGE = YES_ERROR;
				CLANG_WARN_DOCUMENTATION_COMMENTS = YES;
				CLANG_WARN_EMPTY_BODY = YES;
				CLANG_WARN_ENUM_CONVERSION = YES;
				CLANG_WARN_INFINITE_RECURSION = YES;
				CLANG_WARN_INT_CONVERSION = YES;
				CLANG_WARN_NON_LITERAL_NULL_CONVERSION = YES;
				CLANG_WARN_OBJC_IMPLICIT_RETAIN_SELF = YES;
				CLANG_WARN_OBJC_LITERAL_CONVERSION = YES;
				CLANG_WARN_OBJC_ROOT_CLASS = YES_ERROR;
				CLANG_WARN_RANGE_LOOP_ANALYSIS = YES;
				CLANG_WARN_STRICT_PROTOTYPES = YES;
				CLANG_WARN_SUSPICIOUS_MOVE = YES;
				CLANG_WARN_UNGUARDED_AVAILABILITY = YES_AGGRESSIVE;
				CLANG_WARN_UNREACHABLE_CODE = YES;
				CLANG_WARN__DUPLICATE_METHOD_MATCH = YES;
				CODE_SIGN_IDENTITY = "iPhone Developer";
				COPY_PHASE_STRIP = NO;
				DEBUG_INFORMATION_FORMAT = dwarf;
				ENABLE_STRICT_OBJC_MSGSEND = YES;
				ENABLE_TESTABILITY = YES;
				GCC_C_LANGUAGE_STANDARD = gnu11;
				GCC_DYNAMIC_NO_PIC = NO;
				GCC_NO_COMMON_BLOCKS = YES;
				GCC_OPTIMIZATION_LEVEL = 0;
				GCC_PREPROCESSOR_DEFINITIONS = (
					"DEBUG=1",
					"$(inherited)",
				);
				GCC_WARN_64_TO_32_BIT_CONVERSION = YES;
				GCC_WARN_ABOUT_RETURN_TYPE = YES_ERROR;
				GCC_WARN_UNDECLARED_SELECTOR = YES;
				GCC_WARN_UNINITIALIZED_AUTOS = YES_AGGRESSIVE;
				GCC_WARN_UNUSED_FUNCTION = YES;
				GCC_WARN_UNUSED_VARIABLE = YES;
				IPHONEOS_DEPLOYMENT_TARGET = 12.1;
				MTL_ENABLE_DEBUG_INFO = INCLUDE_SOURCE;
				MTL_FAST_MATH = YES;
				ONLY_ACTIVE_ARCH = YES;
				SDKROOT = iphoneos;
				SWIFT_ACTIVE_COMPILATION_CONDITIONS = DEBUG;
				SWIFT_OPTIMIZATION_LEVEL = "-Onone";
			};
			name = Debug;
		};
		932136D324DA0E1E004384F3 /* Release */ = {
			isa = XCBuildConfiguration;
			buildSettings = {
				ALWAYS_SEARCH_USER_PATHS = NO;
				CLANG_ANALYZER_LOCALIZABILITY_NONLOCALIZED = YES;
				CLANG_ANALYZER_NONNULL = YES;
				CLANG_ANALYZER_NUMBER_OBJECT_CONVERSION = YES_AGGRESSIVE;
				CLANG_CXX_LANGUAGE_STANDARD = "gnu++14";
				CLANG_CXX_LIBRARY = "libc++";
				CLANG_ENABLE_MODULES = YES;
				CLANG_ENABLE_OBJC_ARC = YES;
				CLANG_ENABLE_OBJC_WEAK = YES;
				CLANG_WARN_BLOCK_CAPTURE_AUTORELEASING = YES;
				CLANG_WARN_BOOL_CONVERSION = YES;
				CLANG_WARN_COMMA = YES;
				CLANG_WARN_CONSTANT_CONVERSION = YES;
				CLANG_WARN_DEPRECATED_OBJC_IMPLEMENTATIONS = YES;
				CLANG_WARN_DIRECT_OBJC_ISA_USAGE = YES_ERROR;
				CLANG_WARN_DOCUMENTATION_COMMENTS = YES;
				CLANG_WARN_EMPTY_BODY = YES;
				CLANG_WARN_ENUM_CONVERSION = YES;
				CLANG_WARN_INFINITE_RECURSION = YES;
				CLANG_WARN_INT_CONVERSION = YES;
				CLANG_WARN_NON_LITERAL_NULL_CONVERSION = YES;
				CLANG_WARN_OBJC_IMPLICIT_RETAIN_SELF = YES;
				CLANG_WARN_OBJC_LITERAL_CONVERSION = YES;
				CLANG_WARN_OBJC_ROOT_CLASS = YES_ERROR;
				CLANG_WARN_RANGE_LOOP_ANALYSIS = YES;
				CLANG_WARN_STRICT_PROTOTYPES = YES;
				CLANG_WARN_SUSPICIOUS_MOVE = YES;
				CLANG_WARN_UNGUARDED_AVAILABILITY = YES_AGGRESSIVE;
				CLANG_WARN_UNREACHABLE_CODE = YES;
				CLANG_WARN__DUPLICATE_METHOD_MATCH = YES;
				CODE_SIGN_IDENTITY = "iPhone Developer";
				COPY_PHASE_STRIP = NO;
				DEBUG_INFORMATION_FORMAT = "dwarf-with-dsym";
				ENABLE_NS_ASSERTIONS = NO;
				ENABLE_STRICT_OBJC_MSGSEND = YES;
				GCC_C_LANGUAGE_STANDARD = gnu11;
				GCC_NO_COMMON_BLOCKS = YES;
				GCC_WARN_64_TO_32_BIT_CONVERSION = YES;
				GCC_WARN_ABOUT_RETURN_TYPE = YES_ERROR;
				GCC_WARN_UNDECLARED_SELECTOR = YES;
				GCC_WARN_UNINITIALIZED_AUTOS = YES_AGGRESSIVE;
				GCC_WARN_UNUSED_FUNCTION = YES;
				GCC_WARN_UNUSED_VARIABLE = YES;
				IPHONEOS_DEPLOYMENT_TARGET = 12.1;
				MTL_ENABLE_DEBUG_INFO = NO;
				MTL_FAST_MATH = YES;
				SDKROOT = iphoneos;
				SWIFT_COMPILATION_MODE = wholemodule;
				SWIFT_OPTIMIZATION_LEVEL = "-O";
				VALIDATE_PRODUCT = YES;
			};
			name = Release;
		};
		932136D524DA0E1E004384F3 /* Debug */ = {
			isa = XCBuildConfiguration;
			baseConfigurationReference = F7B9CE5FB66951BE946EEBC1 /* Pods-SafeMapp.debug.xcconfig */;
			buildSettings = {
				ASSETCATALOG_COMPILER_APPICON_NAME = AppIcon;
				CODE_SIGN_ENTITLEMENTS = SafeMapp/App/SafeMapp.entitlements;
				CODE_SIGN_STYLE = Automatic;
				DEVELOPMENT_TEAM = FLYLZ94A58;
				INFOPLIST_FILE = SafeMapp/App/Info.plist;
				LD_RUNPATH_SEARCH_PATHS = (
					"$(inherited)",
					"@executable_path/Frameworks",
				);
				PRODUCT_BUNDLE_IDENTIFIER = "com.alpha-dvlpr.SafeMapp";
				PRODUCT_NAME = "$(TARGET_NAME)";
				SWIFT_VERSION = 4.2;
				TARGETED_DEVICE_FAMILY = 1;
			};
			name = Debug;
		};
		932136D624DA0E1E004384F3 /* Release */ = {
			isa = XCBuildConfiguration;
			baseConfigurationReference = B80EEA31DA67E984CF95CEB2 /* Pods-SafeMapp.release.xcconfig */;
			buildSettings = {
				ASSETCATALOG_COMPILER_APPICON_NAME = AppIcon;
				CODE_SIGN_ENTITLEMENTS = SafeMapp/App/SafeMapp.entitlements;
				CODE_SIGN_STYLE = Automatic;
				DEVELOPMENT_TEAM = FLYLZ94A58;
				INFOPLIST_FILE = SafeMapp/App/Info.plist;
				LD_RUNPATH_SEARCH_PATHS = (
					"$(inherited)",
					"@executable_path/Frameworks",
				);
				PRODUCT_BUNDLE_IDENTIFIER = "com.alpha-dvlpr.SafeMapp";
				PRODUCT_NAME = "$(TARGET_NAME)";
				SWIFT_VERSION = 4.2;
				TARGETED_DEVICE_FAMILY = 1;
			};
			name = Release;
		};
		932136D824DA0E1E004384F3 /* Debug */ = {
			isa = XCBuildConfiguration;
			buildSettings = {
				ALWAYS_EMBED_SWIFT_STANDARD_LIBRARIES = YES;
				BUNDLE_LOADER = "$(TEST_HOST)";
				CODE_SIGN_STYLE = Automatic;
				DEVELOPMENT_TEAM = 49G7L7QASD;
				INFOPLIST_FILE = SafeMappTests/Info.plist;
				LD_RUNPATH_SEARCH_PATHS = (
					"$(inherited)",
					"@executable_path/Frameworks",
					"@loader_path/Frameworks",
				);
				PRODUCT_BUNDLE_IDENTIFIER = com.alphadvlpr.SafeMappTests;
				PRODUCT_NAME = "$(TARGET_NAME)";
				SWIFT_VERSION = 4.2;
				TARGETED_DEVICE_FAMILY = "1,2";
				TEST_HOST = "$(BUILT_PRODUCTS_DIR)/SafeMapp.app/SafeMapp";
			};
			name = Debug;
		};
		932136D924DA0E1E004384F3 /* Release */ = {
			isa = XCBuildConfiguration;
			buildSettings = {
				ALWAYS_EMBED_SWIFT_STANDARD_LIBRARIES = YES;
				BUNDLE_LOADER = "$(TEST_HOST)";
				CODE_SIGN_STYLE = Automatic;
				DEVELOPMENT_TEAM = 49G7L7QASD;
				INFOPLIST_FILE = SafeMappTests/Info.plist;
				LD_RUNPATH_SEARCH_PATHS = (
					"$(inherited)",
					"@executable_path/Frameworks",
					"@loader_path/Frameworks",
				);
				PRODUCT_BUNDLE_IDENTIFIER = com.alphadvlpr.SafeMappTests;
				PRODUCT_NAME = "$(TARGET_NAME)";
				SWIFT_VERSION = 4.2;
				TARGETED_DEVICE_FAMILY = "1,2";
				TEST_HOST = "$(BUILT_PRODUCTS_DIR)/SafeMapp.app/SafeMapp";
			};
			name = Release;
		};
		932136DB24DA0E1E004384F3 /* Debug */ = {
			isa = XCBuildConfiguration;
			buildSettings = {
				ALWAYS_EMBED_SWIFT_STANDARD_LIBRARIES = YES;
				CODE_SIGN_STYLE = Automatic;
				DEVELOPMENT_TEAM = 49G7L7QASD;
				INFOPLIST_FILE = SafeMappUITests/Info.plist;
				LD_RUNPATH_SEARCH_PATHS = (
					"$(inherited)",
					"@executable_path/Frameworks",
					"@loader_path/Frameworks",
				);
				PRODUCT_BUNDLE_IDENTIFIER = com.alphadvlpr.SafeMappUITests;
				PRODUCT_NAME = "$(TARGET_NAME)";
				SWIFT_VERSION = 4.2;
				TARGETED_DEVICE_FAMILY = "1,2";
				TEST_TARGET_NAME = SafeMapp;
			};
			name = Debug;
		};
		932136DC24DA0E1E004384F3 /* Release */ = {
			isa = XCBuildConfiguration;
			buildSettings = {
				ALWAYS_EMBED_SWIFT_STANDARD_LIBRARIES = YES;
				CODE_SIGN_STYLE = Automatic;
				DEVELOPMENT_TEAM = 49G7L7QASD;
				INFOPLIST_FILE = SafeMappUITests/Info.plist;
				LD_RUNPATH_SEARCH_PATHS = (
					"$(inherited)",
					"@executable_path/Frameworks",
					"@loader_path/Frameworks",
				);
				PRODUCT_BUNDLE_IDENTIFIER = com.alphadvlpr.SafeMappUITests;
				PRODUCT_NAME = "$(TARGET_NAME)";
				SWIFT_VERSION = 4.2;
				TARGETED_DEVICE_FAMILY = "1,2";
				TEST_TARGET_NAME = SafeMapp;
			};
			name = Release;
		};
/* End XCBuildConfiguration section */

/* Begin XCConfigurationList section */
		932136A724DA0E1B004384F3 /* Build configuration list for PBXProject "SafeMapp" */ = {
			isa = XCConfigurationList;
			buildConfigurations = (
				932136D224DA0E1E004384F3 /* Debug */,
				932136D324DA0E1E004384F3 /* Release */,
			);
			defaultConfigurationIsVisible = 0;
			defaultConfigurationName = Release;
		};
		932136D424DA0E1E004384F3 /* Build configuration list for PBXNativeTarget "SafeMapp" */ = {
			isa = XCConfigurationList;
			buildConfigurations = (
				932136D524DA0E1E004384F3 /* Debug */,
				932136D624DA0E1E004384F3 /* Release */,
			);
			defaultConfigurationIsVisible = 0;
			defaultConfigurationName = Release;
		};
		932136D724DA0E1E004384F3 /* Build configuration list for PBXNativeTarget "SafeMappTests" */ = {
			isa = XCConfigurationList;
			buildConfigurations = (
				932136D824DA0E1E004384F3 /* Debug */,
				932136D924DA0E1E004384F3 /* Release */,
			);
			defaultConfigurationIsVisible = 0;
			defaultConfigurationName = Release;
		};
		932136DA24DA0E1E004384F3 /* Build configuration list for PBXNativeTarget "SafeMappUITests" */ = {
			isa = XCConfigurationList;
			buildConfigurations = (
				932136DB24DA0E1E004384F3 /* Debug */,
				932136DC24DA0E1E004384F3 /* Release */,
			);
			defaultConfigurationIsVisible = 0;
			defaultConfigurationName = Release;
		};
/* End XCConfigurationList section */
	};
	rootObject = 932136A424DA0E1B004384F3 /* Project object */;
}
